
Microsoft Visual Studio Solution File, Format Version 12.00
# Visual Studio Version 16
VisualStudioVersion = 16.0.32106.194
MinimumVisualStudioVersion = 10.0.40219.1
Project("{FAE04EC0-301F-11D3-BF4B-00C04F79EFBC}") = "Deliverable1_Hello_World", "Deliverable1_Hello_World.csproj", "{E3C34C36-D26D-429A-AD67-044A5C2DC9E9}"
EndProject
Global
	GlobalSection(SolutionConfigurationPlatforms) = preSolution
		Debug|Any CPU = Debug|Any CPU
		Release|Any CPU = Release|Any CPU
	EndGlobalSection
	GlobalSection(ProjectConfigurationPlatforms) = postSolution
		{E3C34C36-D26D-429A-AD67-044A5C2DC9E9}.Debug|Any CPU.ActiveCfg = Debug|Any CPU
		{E3C34C36-D26D-429A-AD67-044A5C2DC9E9}.Debug|Any CPU.Build.0 = Debug|Any CPU
		{E3C34C36-D26D-429A-AD67-044A5C2DC9E9}.Release|Any CPU.ActiveCfg = Release|Any CPU
		{E3C34C36-D26D-429A-AD67-044A5C2DC9E9}.Release|Any CPU.Build.0 = Release|Any CPU
	EndGlobalSection
	GlobalSection(SolutionProperties) = preSolution
		HideSolutionNode = FALSE
	EndGlobalSection
	GlobalSection(ExtensibilityGlobals) = postSolution
		SolutionGuid = {8EFC53E5-C6DC-4E10-81B3-1F811FF82D44}
	EndGlobalSection
EndGlobal
